
Microsoft Visual Studio Solution File, Format Version 12.00
# Visual Studio Version 17
VisualStudioVersion = 17.12.35527.113 d17.12
MinimumVisualStudioVersion = 10.0.40219.1
Project("{FAE04EC0-301F-11D3-BF4B-00C04F79EFBC}") = "Example1", "Example1\Example1.csproj", "{736191CD-C0F3-4AB0-A980-36719FF3C8A2}"
EndProject
Global
	GlobalSection(SolutionConfigurationPlatforms) = preSolution
		Debug|Any CPU = Debug|Any CPU
		Release|Any CPU = Release|Any CPU
	EndGlobalSection
	GlobalSection(ProjectConfigurationPlatforms) = postSolution
		{736191CD-C0F3-4AB0-A980-36719FF3C8A2}.Debug|Any CPU.ActiveCfg = Debug|Any CPU
		{736191CD-C0F3-4AB0-A980-36719FF3C8A2}.Debug|Any CPU.Build.0 = Debug|Any CPU
		{736191CD-C0F3-4AB0-A980-36719FF3C8A2}.Release|Any CPU.ActiveCfg = Release|Any CPU
		{736191CD-C0F3-4AB0-A980-36719FF3C8A2}.Release|Any CPU.Build.0 = Release|Any CPU
	EndGlobalSection
	GlobalSection(SolutionProperties) = preSolution
		HideSolutionNode = FALSE
	EndGlobalSection
EndGlobal
